
Microsoft Visual Studio Solution File, Format Version 12.00
# Visual Studio 15
VisualStudioVersion = 15.0.27004.2010
MinimumVisualStudioVersion = 10.0.40219.1
Project("{FAE04EC0-301F-11D3-BF4B-00C04F79EFBC}") = "Chatbot102", "Chatbot102\Chatbot102.csproj", "{00DDECDD-4581-428D-A97C-169110EA3BA7}"
EndProject
Global
	GlobalSection(SolutionConfigurationPlatforms) = preSolution
		Debug|Any CPU = Debug|Any CPU
		Release|Any CPU = Release|Any CPU
	EndGlobalSection
	GlobalSection(ProjectConfigurationPlatforms) = postSolution
		{00DDECDD-4581-428D-A97C-169110EA3BA7}.Debug|Any CPU.ActiveCfg = Debug|Any CPU
		{00DDECDD-4581-428D-A97C-169110EA3BA7}.Debug|Any CPU.Build.0 = Debug|Any CPU
		{00DDECDD-4581-428D-A97C-169110EA3BA7}.Release|Any CPU.ActiveCfg = Release|Any CPU
		{00DDECDD-4581-428D-A97C-169110EA3BA7}.Release|Any CPU.Build.0 = Release|Any CPU
	EndGlobalSection
	GlobalSection(SolutionProperties) = preSolution
		HideSolutionNode = FALSE
	EndGlobalSection
	GlobalSection(ExtensibilityGlobals) = postSolution
		SolutionGuid = {CE374D13-CE20-44E3-8FC6-9293EC588CA0}
	EndGlobalSection
EndGlobal
